
Microsoft Visual Studio Solution File, Format Version 12.00
# Visual Studio Version 16
VisualStudioVersion = 16.0.31129.286
MinimumVisualStudioVersion = 10.0.40219.1
Project("{9A19103F-16F7-4668-BE54-9A1E7A4F7556}") = "GirisEkran", "GirisEkran\GirisEkran.csproj", "{F33F1A16-51C7-44A0-B6B1-19EDA7ED8280}"
EndProject
Project("{FAE04EC0-301F-11D3-BF4B-00C04F79EFBC}") = "Entities", "Entities\Entities.csproj", "{1CB8183E-9476-4006-88B8-1D3915EF846E}"
EndProject
Project("{FAE04EC0-301F-11D3-BF4B-00C04F79EFBC}") = "Kutuphane", "Kutuphane\Kutuphane.csproj", "{C8C2E112-BF6D-4F71-8AC1-FECD3C2C7BB8}"
EndProject
Global
	GlobalSection(SolutionConfigurationPlatforms) = preSolution
		Debug|Any CPU = Debug|Any CPU
		Release|Any CPU = Release|Any CPU
	EndGlobalSection
	GlobalSection(ProjectConfigurationPlatforms) = postSolution
		{F33F1A16-51C7-44A0-B6B1-19EDA7ED8280}.Debug|Any CPU.ActiveCfg = Debug|Any CPU
		{F33F1A16-51C7-44A0-B6B1-19EDA7ED8280}.Debug|Any CPU.Build.0 = Debug|Any CPU
		{F33F1A16-51C7-44A0-B6B1-19EDA7ED8280}.Release|Any CPU.ActiveCfg = Release|Any CPU
		{F33F1A16-51C7-44A0-B6B1-19EDA7ED8280}.Release|Any CPU.Build.0 = Release|Any CPU
		{1CB8183E-9476-4006-88B8-1D3915EF846E}.Debug|Any CPU.ActiveCfg = Debug|Any CPU
		{1CB8183E-9476-4006-88B8-1D3915EF846E}.Debug|Any CPU.Build.0 = Debug|Any CPU
		{1CB8183E-9476-4006-88B8-1D3915EF846E}.Release|Any CPU.ActiveCfg = Release|Any CPU
		{1CB8183E-9476-4006-88B8-1D3915EF846E}.Release|Any CPU.Build.0 = Release|Any CPU
		{C8C2E112-BF6D-4F71-8AC1-FECD3C2C7BB8}.Debug|Any CPU.ActiveCfg = Debug|Any CPU
		{C8C2E112-BF6D-4F71-8AC1-FECD3C2C7BB8}.Debug|Any CPU.Build.0 = Debug|Any CPU
		{C8C2E112-BF6D-4F71-8AC1-FECD3C2C7BB8}.Release|Any CPU.ActiveCfg = Release|Any CPU
		{C8C2E112-BF6D-4F71-8AC1-FECD3C2C7BB8}.Release|Any CPU.Build.0 = Release|Any CPU
	EndGlobalSection
	GlobalSection(SolutionProperties) = preSolution
		HideSolutionNode = FALSE
	EndGlobalSection
	GlobalSection(ExtensibilityGlobals) = postSolution
		SolutionGuid = {8C57EF40-C6F9-46D3-9A06-14C47C4C20C0}
	EndGlobalSection
EndGlobal
